
Microsoft Visual Studio Solution File, Format Version 12.00
# Visual Studio Version 17
VisualStudioVersion = 17.5.33530.505
MinimumVisualStudioVersion = 10.0.40219.1
Project("{FAE04EC0-301F-11D3-BF4B-00C04F79EFBC}") = "KeepNote App", "KeepNote App\KeepNote App.csproj", "{E162B7D3-281C-4135-8C95-EF7BC0DA6430}"
EndProject
Global
	GlobalSection(SolutionConfigurationPlatforms) = preSolution
		Debug|Any CPU = Debug|Any CPU
		Release|Any CPU = Release|Any CPU
	EndGlobalSection
	GlobalSection(ProjectConfigurationPlatforms) = postSolution
		{E162B7D3-281C-4135-8C95-EF7BC0DA6430}.Debug|Any CPU.ActiveCfg = Debug|Any CPU
		{E162B7D3-281C-4135-8C95-EF7BC0DA6430}.Debug|Any CPU.Build.0 = Debug|Any CPU
		{E162B7D3-281C-4135-8C95-EF7BC0DA6430}.Release|Any CPU.ActiveCfg = Release|Any CPU
		{E162B7D3-281C-4135-8C95-EF7BC0DA6430}.Release|Any CPU.Build.0 = Release|Any CPU
	EndGlobalSection
	GlobalSection(SolutionProperties) = preSolution
		HideSolutionNode = FALSE
	EndGlobalSection
	GlobalSection(ExtensibilityGlobals) = postSolution
		SolutionGuid = {1630DB65-852D-4BBF-BC52-81B1CBFA87C4}
	EndGlobalSection
EndGlobal
